{
  "name": "kerwaboum-barthelmesaurach",
  "version": "1.0.0",
  "lockfileVersion": 2,
  "requires": true,
  "packages": {
    "": {
      "name": "kerwaboum-barthelmesaurach",
      "version": "1.0.0",
      "license": "SEE LICENSE IN LICENSE",
      "dependencies": {
        "@materializecss/materialize": "^1.2.1",
        "material-icons": "^1.13.1"
      }
    },
    "node_modules/@materializecss/materialize": {
      "version": "1.2.1",
      "resolved": "https://registry.npmjs.org/@materializecss/materialize/-/materialize-1.2.1.tgz",
      "integrity": "sha512-/PsNu1OaMp+XdymdeM49/OynB5uE1gCNcuRCPjtei1BVrj9eJ1ZYxotbPiejSCB2zFr9BIAuxcvaT+8rupJfxA==",
      "hasInstallScript": true
    },
    "node_modules/material-icons": {
      "version": "1.13.1",
      "resolved": "https://registry.npmjs.org/material-icons/-/material-icons-1.13.1.tgz",
      "integrity": "sha512-6EwhlEa4rwydNSWw11ig1oz/h/KcarJXn4n50Wd69v5Eh026Y6xBo9zLPeX4iF8+qUZV862X0AUUA0m0VaihWg=="
    }
  },
  "dependencies": {
    "@materializecss/materialize": {
      "version": "1.2.1",
      "resolved": "https://registry.npmjs.org/@materializecss/materialize/-/materialize-1.2.1.tgz",
      "integrity": "sha512-/PsNu1OaMp+XdymdeM49/OynB5uE1gCNcuRCPjtei1BVrj9eJ1ZYxotbPiejSCB2zFr9BIAuxcvaT+8rupJfxA=="
    },
    "material-icons": {
      "version": "1.13.1",
      "resolved": "https://registry.npmjs.org/material-icons/-/material-icons-1.13.1.tgz",
      "integrity": "sha512-6EwhlEa4rwydNSWw11ig1oz/h/KcarJXn4n50Wd69v5Eh026Y6xBo9zLPeX4iF8+qUZV862X0AUUA0m0VaihWg=="
    }
  }
}
